
Microsoft Visual Studio Solution File, Format Version 12.00
# Visual Studio 15
VisualStudioVersion = 15.0.27703.2042
MinimumVisualStudioVersion = 10.0.40219.1
Project("{FAE04EC0-301F-11D3-BF4B-00C04F79EFBC}") = "C-Step102", "C-Step102\C-Step102.csproj", "{9AF6D738-C8A4-496E-BB9D-0E2B06D0AABE}"
EndProject
Global
	GlobalSection(SolutionConfigurationPlatforms) = preSolution
		Debug|Any CPU = Debug|Any CPU
		Release|Any CPU = Release|Any CPU
	EndGlobalSection
	GlobalSection(ProjectConfigurationPlatforms) = postSolution
		{9AF6D738-C8A4-496E-BB9D-0E2B06D0AABE}.Debug|Any CPU.ActiveCfg = Debug|Any CPU
		{9AF6D738-C8A4-496E-BB9D-0E2B06D0AABE}.Debug|Any CPU.Build.0 = Debug|Any CPU
		{9AF6D738-C8A4-496E-BB9D-0E2B06D0AABE}.Release|Any CPU.ActiveCfg = Release|Any CPU
		{9AF6D738-C8A4-496E-BB9D-0E2B06D0AABE}.Release|Any CPU.Build.0 = Release|Any CPU
	EndGlobalSection
	GlobalSection(SolutionProperties) = preSolution
		HideSolutionNode = FALSE
	EndGlobalSection
	GlobalSection(ExtensibilityGlobals) = postSolution
		SolutionGuid = {A7E2BBBC-2D3A-467C-B034-8908ABCA4EBE}
	EndGlobalSection
EndGlobal
